
Microsoft Visual Studio Solution File, Format Version 11.00
# Visual Studio 2010
Project("{FAE04EC0-301F-11D3-BF4B-00C04F79EFBC}") = "NationalCompensationSurveyAnalysis", "NationalCompensationSurveyAnalysis.csproj", "{677336BC-A585-4219-BC57-F177C6A2FDBD}"
EndProject
Global
	GlobalSection(SolutionConfigurationPlatforms) = preSolution
		Debug|Any CPU = Debug|Any CPU
		Debug|Mixed Platforms = Debug|Mixed Platforms
		Debug|x64 = Debug|x64
		Debug|x86 = Debug|x86
		Release|Any CPU = Release|Any CPU
		Release|Mixed Platforms = Release|Mixed Platforms
		Release|x64 = Release|x64
		Release|x86 = Release|x86
	EndGlobalSection
	GlobalSection(ProjectConfigurationPlatforms) = postSolution
		{677336BC-A585-4219-BC57-F177C6A2FDBD}.Debug|Any CPU.ActiveCfg = Debug|Any CPU
		{677336BC-A585-4219-BC57-F177C6A2FDBD}.Debug|Any CPU.Build.0 = Debug|Any CPU
		{677336BC-A585-4219-BC57-F177C6A2FDBD}.Debug|Mixed Platforms.ActiveCfg = Debug|Any CPU
		{677336BC-A585-4219-BC57-F177C6A2FDBD}.Debug|Mixed Platforms.Build.0 = Debug|Any CPU
		{677336BC-A585-4219-BC57-F177C6A2FDBD}.Debug|x64.ActiveCfg = Debug|Any CPU
		{677336BC-A585-4219-BC57-F177C6A2FDBD}.Debug|x86.ActiveCfg = Debug|Any CPU
		{677336BC-A585-4219-BC57-F177C6A2FDBD}.Release|Any CPU.ActiveCfg = Release|Any CPU
		{677336BC-A585-4219-BC57-F177C6A2FDBD}.Release|Any CPU.Build.0 = Release|Any CPU
		{677336BC-A585-4219-BC57-F177C6A2FDBD}.Release|Mixed Platforms.ActiveCfg = Release|Any CPU
		{677336BC-A585-4219-BC57-F177C6A2FDBD}.Release|Mixed Platforms.Build.0 = Release|Any CPU
		{677336BC-A585-4219-BC57-F177C6A2FDBD}.Release|x64.ActiveCfg = Release|Any CPU
		{677336BC-A585-4219-BC57-F177C6A2FDBD}.Release|x86.ActiveCfg = Release|Any CPU
	EndGlobalSection
	GlobalSection(SolutionProperties) = preSolution
		HideSolutionNode = FALSE
	EndGlobalSection
EndGlobal
