
Microsoft Visual Studio Solution File, Format Version 12.00
# Visual Studio 2012
Project("{FAE04EC0-301F-11D3-BF4B-00C04F79EFBC}") = "Microsoft.Hadoop.WebClient", "Microsoft.Hadoop.WebClient\Microsoft.Hadoop.WebClient.csproj", "{96C56124-3593-469C-B3A9-620DD7D6D6F0}"
EndProject
Project("{FAE04EC0-301F-11D3-BF4B-00C04F79EFBC}") = "WebHDFSTest", "WebHDFSTest\WebHDFSTest.csproj", "{E2983B27-42F8-48DB-9CAB-40DE9F949E1C}"
EndProject
Project("{FAE04EC0-301F-11D3-BF4B-00C04F79EFBC}") = "StorageClient", "StorageClient\StorageClient.csproj", "{C6F30C10-E1C2-4327-BB6B-3160B479CCA1}"
EndProject
Global
	GlobalSection(SolutionConfigurationPlatforms) = preSolution
		Debug|Any CPU = Debug|Any CPU
		Release|Any CPU = Release|Any CPU
	EndGlobalSection
	GlobalSection(ProjectConfigurationPlatforms) = postSolution
		{96C56124-3593-469C-B3A9-620DD7D6D6F0}.Debug|Any CPU.ActiveCfg = Debug|Any CPU
		{96C56124-3593-469C-B3A9-620DD7D6D6F0}.Debug|Any CPU.Build.0 = Debug|Any CPU
		{96C56124-3593-469C-B3A9-620DD7D6D6F0}.Release|Any CPU.ActiveCfg = Release|Any CPU
		{96C56124-3593-469C-B3A9-620DD7D6D6F0}.Release|Any CPU.Build.0 = Release|Any CPU
		{E2983B27-42F8-48DB-9CAB-40DE9F949E1C}.Debug|Any CPU.ActiveCfg = Debug|Any CPU
		{E2983B27-42F8-48DB-9CAB-40DE9F949E1C}.Debug|Any CPU.Build.0 = Debug|Any CPU
		{E2983B27-42F8-48DB-9CAB-40DE9F949E1C}.Release|Any CPU.ActiveCfg = Release|Any CPU
		{E2983B27-42F8-48DB-9CAB-40DE9F949E1C}.Release|Any CPU.Build.0 = Release|Any CPU
		{C6F30C10-E1C2-4327-BB6B-3160B479CCA1}.Debug|Any CPU.ActiveCfg = Debug|Any CPU
		{C6F30C10-E1C2-4327-BB6B-3160B479CCA1}.Debug|Any CPU.Build.0 = Debug|Any CPU
		{C6F30C10-E1C2-4327-BB6B-3160B479CCA1}.Release|Any CPU.ActiveCfg = Release|Any CPU
		{C6F30C10-E1C2-4327-BB6B-3160B479CCA1}.Release|Any CPU.Build.0 = Release|Any CPU
	EndGlobalSection
	GlobalSection(SolutionProperties) = preSolution
		HideSolutionNode = FALSE
	EndGlobalSection
EndGlobal
