
Microsoft Visual Studio Solution File, Format Version 12.00
# Visual Studio 2012
Project("{FAE04EC0-301F-11D3-BF4B-00C04F79EFBC}") = "Microsoft.Hadoop.MapReduce", "MapReduce\Microsoft.Hadoop.MapReduce\Microsoft.Hadoop.MapReduce.csproj", "{AFD1BEFA-97CA-4E92-94F5-1F6E4E271B46}"
EndProject
Project("{2150E333-8FDC-42A3-9474-1A3956D46DE8}") = "Drivers", "Drivers", "{D3F7BE5F-2882-48DF-9B25-657F848E7F80}"
EndProject
Project("{2150E333-8FDC-42A3-9474-1A3956D46DE8}") = "Documentation", "Documentation", "{FA1AA485-DE27-4CFB-8665-1ACF9DD1327E}"
EndProject
Project("{FAE04EC0-301F-11D3-BF4B-00C04F79EFBC}") = "Microsoft.Hadoop.MapReduce.CombineDriver", "MapReduce\Drivers\Microsoft.Hadoop.MapReduce.CombineDriver\Microsoft.Hadoop.MapReduce.CombineDriver.csproj", "{88868D8F-FB2A-478E-BA4A-630A2AE9C1CD}"
EndProject
Project("{FAE04EC0-301F-11D3-BF4B-00C04F79EFBC}") = "Microsoft.Hadoop.MapReduce.MapDriver", "MapReduce\Drivers\Microsoft.Hadoop.MapReduce.MapDriver\Microsoft.Hadoop.MapReduce.MapDriver.csproj", "{78D79672-A80A-42C6-A347-B1D2E3C02BBE}"
EndProject
Project("{FAE04EC0-301F-11D3-BF4B-00C04F79EFBC}") = "Microsoft.Hadoop.MapReduce.ReduceDriver", "MapReduce\Drivers\Microsoft.Hadoop.MapReduce.ReduceDriver\Microsoft.Hadoop.MapReduce.ReduceDriver.csproj", "{2D8CBA09-68BF-47C3-AA6D-0016D263D5F4}"
EndProject
Project("{FAE04EC0-301F-11D3-BF4B-00C04F79EFBC}") = "Microsoft.Hadoop.MapReduce.MRRunner", "MapReduce\Drivers\Microsoft.Hadoop.MapReduce.MRRunner\Microsoft.Hadoop.MapReduce.MRRunner.csproj", "{E95FF1EF-A5FF-45F7-96B4-52F707F996A9}"
EndProject
Project("{FAE04EC0-301F-11D3-BF4B-00C04F79EFBC}") = "Microsoft.Hadoop.MapReduce.Test", "Tests\Microsoft.Hadoop.MapReduce.Test\Microsoft.Hadoop.MapReduce.Test.csproj", "{1779AA6F-E6B9-450A-AC52-AF431F64B841}"
EndProject
Project("{2150E333-8FDC-42A3-9474-1A3956D46DE8}") = "Solution Items", "Solution Items", "{A97C7BD3-58E0-4EAC-A700-0279B8C79B36}"
	ProjectSection(SolutionItems) = preProject
		Local.testsettings = Local.testsettings
		Microsoft.Hadoop.MapReduce.testsettings = Microsoft.Hadoop.MapReduce.testsettings
		Microsoft.Hadoop.MapReduce.vsmdi = Microsoft.Hadoop.MapReduce.vsmdi
	EndProjectSection
EndProject
Project("{FAE04EC0-301F-11D3-BF4B-00C04F79EFBC}") = "DocCodeSnippets", "MapReduce\Microsoft.Hadoop.MapReduce\DocCodeSnippets\DocCodeSnippets.csproj", "{CF8D4BD0-5F66-43CE-9F81-DC6FFE115452}"
EndProject
Global
	GlobalSection(TestCaseManagementSettings) = postSolution
		CategoryFile = Microsoft.Hadoop.MapReduce.vsmdi
	EndGlobalSection
	GlobalSection(SolutionConfigurationPlatforms) = preSolution
		Debug|Any CPU = Debug|Any CPU
		Debug|Mixed Platforms = Debug|Mixed Platforms
		Debug|x64 = Debug|x64
		Debug|x86 = Debug|x86
		Release|Any CPU = Release|Any CPU
		Release|Mixed Platforms = Release|Mixed Platforms
		Release|x64 = Release|x64
		Release|x86 = Release|x86
	EndGlobalSection
	GlobalSection(ProjectConfigurationPlatforms) = postSolution
		{AFD1BEFA-97CA-4E92-94F5-1F6E4E271B46}.Debug|Any CPU.ActiveCfg = Debug|Any CPU
		{AFD1BEFA-97CA-4E92-94F5-1F6E4E271B46}.Debug|Any CPU.Build.0 = Debug|Any CPU
		{AFD1BEFA-97CA-4E92-94F5-1F6E4E271B46}.Debug|Mixed Platforms.ActiveCfg = Debug|Any CPU
		{AFD1BEFA-97CA-4E92-94F5-1F6E4E271B46}.Debug|Mixed Platforms.Build.0 = Debug|Any CPU
		{AFD1BEFA-97CA-4E92-94F5-1F6E4E271B46}.Debug|x64.ActiveCfg = Debug|x64
		{AFD1BEFA-97CA-4E92-94F5-1F6E4E271B46}.Debug|x64.Build.0 = Debug|x64
		{AFD1BEFA-97CA-4E92-94F5-1F6E4E271B46}.Debug|x86.ActiveCfg = Debug|Any CPU
		{AFD1BEFA-97CA-4E92-94F5-1F6E4E271B46}.Release|Any CPU.ActiveCfg = Release|Any CPU
		{AFD1BEFA-97CA-4E92-94F5-1F6E4E271B46}.Release|Any CPU.Build.0 = Release|Any CPU
		{AFD1BEFA-97CA-4E92-94F5-1F6E4E271B46}.Release|Mixed Platforms.ActiveCfg = Release|Any CPU
		{AFD1BEFA-97CA-4E92-94F5-1F6E4E271B46}.Release|Mixed Platforms.Build.0 = Release|Any CPU
		{AFD1BEFA-97CA-4E92-94F5-1F6E4E271B46}.Release|x64.ActiveCfg = Release|x64
		{AFD1BEFA-97CA-4E92-94F5-1F6E4E271B46}.Release|x64.Build.0 = Release|x64
		{AFD1BEFA-97CA-4E92-94F5-1F6E4E271B46}.Release|x86.ActiveCfg = Release|Any CPU
		{88868D8F-FB2A-478E-BA4A-630A2AE9C1CD}.Debug|Any CPU.ActiveCfg = Debug|Any CPU
		{88868D8F-FB2A-478E-BA4A-630A2AE9C1CD}.Debug|Any CPU.Build.0 = Debug|Any CPU
		{88868D8F-FB2A-478E-BA4A-630A2AE9C1CD}.Debug|Mixed Platforms.ActiveCfg = Debug|x64
		{88868D8F-FB2A-478E-BA4A-630A2AE9C1CD}.Debug|Mixed Platforms.Build.0 = Debug|x64
		{88868D8F-FB2A-478E-BA4A-630A2AE9C1CD}.Debug|x64.ActiveCfg = Debug|x64
		{88868D8F-FB2A-478E-BA4A-630A2AE9C1CD}.Debug|x64.Build.0 = Debug|x64
		{88868D8F-FB2A-478E-BA4A-630A2AE9C1CD}.Debug|x86.ActiveCfg = Debug|x86
		{88868D8F-FB2A-478E-BA4A-630A2AE9C1CD}.Debug|x86.Build.0 = Debug|x86
		{88868D8F-FB2A-478E-BA4A-630A2AE9C1CD}.Release|Any CPU.ActiveCfg = Release|Any CPU
		{88868D8F-FB2A-478E-BA4A-630A2AE9C1CD}.Release|Any CPU.Build.0 = Release|Any CPU
		{88868D8F-FB2A-478E-BA4A-630A2AE9C1CD}.Release|Mixed Platforms.ActiveCfg = Release|x86
		{88868D8F-FB2A-478E-BA4A-630A2AE9C1CD}.Release|Mixed Platforms.Build.0 = Release|x86
		{88868D8F-FB2A-478E-BA4A-630A2AE9C1CD}.Release|x64.ActiveCfg = Release|x64
		{88868D8F-FB2A-478E-BA4A-630A2AE9C1CD}.Release|x64.Build.0 = Release|x64
		{88868D8F-FB2A-478E-BA4A-630A2AE9C1CD}.Release|x86.ActiveCfg = Release|x86
		{88868D8F-FB2A-478E-BA4A-630A2AE9C1CD}.Release|x86.Build.0 = Release|x86
		{78D79672-A80A-42C6-A347-B1D2E3C02BBE}.Debug|Any CPU.ActiveCfg = Debug|Any CPU
		{78D79672-A80A-42C6-A347-B1D2E3C02BBE}.Debug|Any CPU.Build.0 = Debug|Any CPU
		{78D79672-A80A-42C6-A347-B1D2E3C02BBE}.Debug|Mixed Platforms.ActiveCfg = Debug|x64
		{78D79672-A80A-42C6-A347-B1D2E3C02BBE}.Debug|Mixed Platforms.Build.0 = Debug|x64
		{78D79672-A80A-42C6-A347-B1D2E3C02BBE}.Debug|x64.ActiveCfg = Debug|x64
		{78D79672-A80A-42C6-A347-B1D2E3C02BBE}.Debug|x64.Build.0 = Debug|x64
		{78D79672-A80A-42C6-A347-B1D2E3C02BBE}.Debug|x86.ActiveCfg = Debug|x86
		{78D79672-A80A-42C6-A347-B1D2E3C02BBE}.Debug|x86.Build.0 = Debug|x86
		{78D79672-A80A-42C6-A347-B1D2E3C02BBE}.Release|Any CPU.ActiveCfg = Release|Any CPU
		{78D79672-A80A-42C6-A347-B1D2E3C02BBE}.Release|Any CPU.Build.0 = Release|Any CPU
		{78D79672-A80A-42C6-A347-B1D2E3C02BBE}.Release|Mixed Platforms.ActiveCfg = Release|x64
		{78D79672-A80A-42C6-A347-B1D2E3C02BBE}.Release|Mixed Platforms.Build.0 = Release|x64
		{78D79672-A80A-42C6-A347-B1D2E3C02BBE}.Release|x64.ActiveCfg = Release|x64
		{78D79672-A80A-42C6-A347-B1D2E3C02BBE}.Release|x64.Build.0 = Release|x64
		{78D79672-A80A-42C6-A347-B1D2E3C02BBE}.Release|x86.ActiveCfg = Release|x86
		{78D79672-A80A-42C6-A347-B1D2E3C02BBE}.Release|x86.Build.0 = Release|x86
		{2D8CBA09-68BF-47C3-AA6D-0016D263D5F4}.Debug|Any CPU.ActiveCfg = Debug|Any CPU
		{2D8CBA09-68BF-47C3-AA6D-0016D263D5F4}.Debug|Any CPU.Build.0 = Debug|Any CPU
		{2D8CBA09-68BF-47C3-AA6D-0016D263D5F4}.Debug|Mixed Platforms.ActiveCfg = Debug|x64
		{2D8CBA09-68BF-47C3-AA6D-0016D263D5F4}.Debug|Mixed Platforms.Build.0 = Debug|x64
		{2D8CBA09-68BF-47C3-AA6D-0016D263D5F4}.Debug|x64.ActiveCfg = Debug|x64
		{2D8CBA09-68BF-47C3-AA6D-0016D263D5F4}.Debug|x64.Build.0 = Debug|x64
		{2D8CBA09-68BF-47C3-AA6D-0016D263D5F4}.Debug|x86.ActiveCfg = Debug|x86
		{2D8CBA09-68BF-47C3-AA6D-0016D263D5F4}.Debug|x86.Build.0 = Debug|x86
		{2D8CBA09-68BF-47C3-AA6D-0016D263D5F4}.Release|Any CPU.ActiveCfg = Release|Any CPU
		{2D8CBA09-68BF-47C3-AA6D-0016D263D5F4}.Release|Any CPU.Build.0 = Release|Any CPU
		{2D8CBA09-68BF-47C3-AA6D-0016D263D5F4}.Release|Mixed Platforms.ActiveCfg = Release|x86
		{2D8CBA09-68BF-47C3-AA6D-0016D263D5F4}.Release|Mixed Platforms.Build.0 = Release|x86
		{2D8CBA09-68BF-47C3-AA6D-0016D263D5F4}.Release|x64.ActiveCfg = Release|x64
		{2D8CBA09-68BF-47C3-AA6D-0016D263D5F4}.Release|x64.Build.0 = Release|x64
		{2D8CBA09-68BF-47C3-AA6D-0016D263D5F4}.Release|x86.ActiveCfg = Release|x86
		{2D8CBA09-68BF-47C3-AA6D-0016D263D5F4}.Release|x86.Build.0 = Release|x86
		{E95FF1EF-A5FF-45F7-96B4-52F707F996A9}.Debug|Any CPU.ActiveCfg = Debug|Any CPU
		{E95FF1EF-A5FF-45F7-96B4-52F707F996A9}.Debug|Any CPU.Build.0 = Debug|Any CPU
		{E95FF1EF-A5FF-45F7-96B4-52F707F996A9}.Debug|Mixed Platforms.ActiveCfg = Debug|x64
		{E95FF1EF-A5FF-45F7-96B4-52F707F996A9}.Debug|Mixed Platforms.Build.0 = Debug|x64
		{E95FF1EF-A5FF-45F7-96B4-52F707F996A9}.Debug|x64.ActiveCfg = Debug|x64
		{E95FF1EF-A5FF-45F7-96B4-52F707F996A9}.Debug|x64.Build.0 = Debug|x64
		{E95FF1EF-A5FF-45F7-96B4-52F707F996A9}.Debug|x86.ActiveCfg = Debug|x64
		{E95FF1EF-A5FF-45F7-96B4-52F707F996A9}.Release|Any CPU.ActiveCfg = Release|Any CPU
		{E95FF1EF-A5FF-45F7-96B4-52F707F996A9}.Release|Any CPU.Build.0 = Release|Any CPU
		{E95FF1EF-A5FF-45F7-96B4-52F707F996A9}.Release|Mixed Platforms.ActiveCfg = Release|x64
		{E95FF1EF-A5FF-45F7-96B4-52F707F996A9}.Release|Mixed Platforms.Build.0 = Release|x64
		{E95FF1EF-A5FF-45F7-96B4-52F707F996A9}.Release|x64.ActiveCfg = Release|x64
		{E95FF1EF-A5FF-45F7-96B4-52F707F996A9}.Release|x64.Build.0 = Release|x64
		{E95FF1EF-A5FF-45F7-96B4-52F707F996A9}.Release|x86.ActiveCfg = Release|x64
		{1779AA6F-E6B9-450A-AC52-AF431F64B841}.Debug|Any CPU.ActiveCfg = Debug|Any CPU
		{1779AA6F-E6B9-450A-AC52-AF431F64B841}.Debug|Any CPU.Build.0 = Debug|Any CPU
		{1779AA6F-E6B9-450A-AC52-AF431F64B841}.Debug|Mixed Platforms.ActiveCfg = Debug|Any CPU
		{1779AA6F-E6B9-450A-AC52-AF431F64B841}.Debug|Mixed Platforms.Build.0 = Debug|Any CPU
		{1779AA6F-E6B9-450A-AC52-AF431F64B841}.Debug|x64.ActiveCfg = Debug|Any CPU
		{1779AA6F-E6B9-450A-AC52-AF431F64B841}.Debug|x86.ActiveCfg = Debug|Any CPU
		{1779AA6F-E6B9-450A-AC52-AF431F64B841}.Release|Any CPU.ActiveCfg = Release|Any CPU
		{1779AA6F-E6B9-450A-AC52-AF431F64B841}.Release|Any CPU.Build.0 = Release|Any CPU
		{1779AA6F-E6B9-450A-AC52-AF431F64B841}.Release|Mixed Platforms.ActiveCfg = Release|Any CPU
		{1779AA6F-E6B9-450A-AC52-AF431F64B841}.Release|Mixed Platforms.Build.0 = Release|Any CPU
		{1779AA6F-E6B9-450A-AC52-AF431F64B841}.Release|x64.ActiveCfg = Release|Any CPU
		{1779AA6F-E6B9-450A-AC52-AF431F64B841}.Release|x86.ActiveCfg = Release|Any CPU
		{CF8D4BD0-5F66-43CE-9F81-DC6FFE115452}.Debug|Any CPU.ActiveCfg = Debug|Any CPU
		{CF8D4BD0-5F66-43CE-9F81-DC6FFE115452}.Debug|Any CPU.Build.0 = Debug|Any CPU
		{CF8D4BD0-5F66-43CE-9F81-DC6FFE115452}.Debug|Mixed Platforms.ActiveCfg = Debug|Any CPU
		{CF8D4BD0-5F66-43CE-9F81-DC6FFE115452}.Debug|Mixed Platforms.Build.0 = Debug|Any CPU
		{CF8D4BD0-5F66-43CE-9F81-DC6FFE115452}.Debug|x64.ActiveCfg = Debug|x64
		{CF8D4BD0-5F66-43CE-9F81-DC6FFE115452}.Debug|x64.Build.0 = Debug|x64
		{CF8D4BD0-5F66-43CE-9F81-DC6FFE115452}.Debug|x86.ActiveCfg = Debug|Any CPU
		{CF8D4BD0-5F66-43CE-9F81-DC6FFE115452}.Release|Any CPU.ActiveCfg = Release|Any CPU
		{CF8D4BD0-5F66-43CE-9F81-DC6FFE115452}.Release|Any CPU.Build.0 = Release|Any CPU
		{CF8D4BD0-5F66-43CE-9F81-DC6FFE115452}.Release|Mixed Platforms.ActiveCfg = Release|Any CPU
		{CF8D4BD0-5F66-43CE-9F81-DC6FFE115452}.Release|Mixed Platforms.Build.0 = Release|Any CPU
		{CF8D4BD0-5F66-43CE-9F81-DC6FFE115452}.Release|x64.ActiveCfg = Release|x64
		{CF8D4BD0-5F66-43CE-9F81-DC6FFE115452}.Release|x64.Build.0 = Release|x64
		{CF8D4BD0-5F66-43CE-9F81-DC6FFE115452}.Release|x86.ActiveCfg = Release|Any CPU
	EndGlobalSection
	GlobalSection(SolutionProperties) = preSolution
		HideSolutionNode = FALSE
	EndGlobalSection
	GlobalSection(NestedProjects) = preSolution
		{88868D8F-FB2A-478E-BA4A-630A2AE9C1CD} = {D3F7BE5F-2882-48DF-9B25-657F848E7F80}
		{78D79672-A80A-42C6-A347-B1D2E3C02BBE} = {D3F7BE5F-2882-48DF-9B25-657F848E7F80}
		{2D8CBA09-68BF-47C3-AA6D-0016D263D5F4} = {D3F7BE5F-2882-48DF-9B25-657F848E7F80}
		{E95FF1EF-A5FF-45F7-96B4-52F707F996A9} = {D3F7BE5F-2882-48DF-9B25-657F848E7F80}
		{CF8D4BD0-5F66-43CE-9F81-DC6FFE115452} = {FA1AA485-DE27-4CFB-8665-1ACF9DD1327E}
	EndGlobalSection
EndGlobal
